
Microsoft Visual Studio Solution File, Format Version 12.00
# Visual Studio 2017
Project("{FAE04EC0-301F-11D3-BF4B-00C04F79EFBC}") = "GestureExperiments", "GestureExperiments.csproj", "{3EF5C232-341E-C33D-2D94-2FBF8E855739}"
EndProject
Global
	GlobalSection(SolutionConfigurationPlatforms) = preSolution
		Debug|Any CPU = Debug|Any CPU
		Release|Any CPU = Release|Any CPU
	EndGlobalSection
	GlobalSection(ProjectConfigurationPlatforms) = postSolution
		{3EF5C232-341E-C33D-2D94-2FBF8E855739}.Debug|Any CPU.ActiveCfg = Debug|Any CPU
		{3EF5C232-341E-C33D-2D94-2FBF8E855739}.Debug|Any CPU.Build.0 = Debug|Any CPU
		{3EF5C232-341E-C33D-2D94-2FBF8E855739}.Release|Any CPU.ActiveCfg = Release|Any CPU
		{3EF5C232-341E-C33D-2D94-2FBF8E855739}.Release|Any CPU.Build.0 = Release|Any CPU
	EndGlobalSection
	GlobalSection(SolutionProperties) = preSolution
		HideSolutionNode = FALSE
	EndGlobalSection
EndGlobal
