
Microsoft Visual Studio Solution File, Format Version 12.00
# Visual Studio 2017
Project("{FAE04EC0-301F-11D3-BF4B-00C04F79EFBC}") = "InteractionExperiments", "InteractionExperiments.csproj", "{422690FA-8185-BDA2-B0BF-DDAE94F35C34}"
EndProject
Project("{FAE04EC0-301F-11D3-BF4B-00C04F79EFBC}") = "InteractionExperiments.Editor", "InteractionExperiments.Editor.csproj", "{8D43BBE7-16AE-ECCC-3BD8-E14C3B373B4B}"
EndProject
Global
	GlobalSection(SolutionConfigurationPlatforms) = preSolution
		Debug|Any CPU = Debug|Any CPU
		Release|Any CPU = Release|Any CPU
	EndGlobalSection
	GlobalSection(ProjectConfigurationPlatforms) = postSolution
		{422690FA-8185-BDA2-B0BF-DDAE94F35C34}.Debug|Any CPU.ActiveCfg = Debug|Any CPU
		{422690FA-8185-BDA2-B0BF-DDAE94F35C34}.Debug|Any CPU.Build.0 = Debug|Any CPU
		{422690FA-8185-BDA2-B0BF-DDAE94F35C34}.Release|Any CPU.ActiveCfg = Release|Any CPU
		{422690FA-8185-BDA2-B0BF-DDAE94F35C34}.Release|Any CPU.Build.0 = Release|Any CPU
		{8D43BBE7-16AE-ECCC-3BD8-E14C3B373B4B}.Debug|Any CPU.ActiveCfg = Debug|Any CPU
		{8D43BBE7-16AE-ECCC-3BD8-E14C3B373B4B}.Debug|Any CPU.Build.0 = Debug|Any CPU
		{8D43BBE7-16AE-ECCC-3BD8-E14C3B373B4B}.Release|Any CPU.ActiveCfg = Release|Any CPU
		{8D43BBE7-16AE-ECCC-3BD8-E14C3B373B4B}.Release|Any CPU.Build.0 = Release|Any CPU
	EndGlobalSection
	GlobalSection(SolutionProperties) = preSolution
		HideSolutionNode = FALSE
	EndGlobalSection
EndGlobal
